schema: '2.0'
stages:
  clean:
    cmd: uv run python clean.py
    deps:
    - path: clean.py
      hash: md5
      md5: dbd8fe4aa6857face3b75a2599cb5011
      size: 1137
    - path: data/raw/events.csv
      hash: md5
      md5: 431ff8b1e99f6c5ac0a423d9e37ac2a9
      size: 73240
    outs:
    - path: data/clean/events.csv
      hash: md5
      md5: 74819a0b519f48c0df300112cebe1993
      size: 57802
  transform:
    cmd: uv run python transform.py
    deps:
    - path: data/clean/events.csv
      hash: md5
      md5: 74819a0b519f48c0df300112cebe1993
      size: 57802
    - path: transform.py
      hash: md5
      md5: ca12e701be1dba5a1116c00fa0ea5cd0
      size: 393
    outs:
    - path: data/transformed/events.csv
      hash: md5
      md5: db1b8592e6ff077d2d7614950202e05a
      size: 75539
  features:
    cmd: uv run python features.py
    deps:
    - path: data/transformed/events.csv
      hash: md5
      md5: db1b8592e6ff077d2d7614950202e05a
      size: 75539
    - path: features.py
      hash: md5
      md5: 27a39f1bfc6bf23e5ac5827e6d2ce3bb
      size: 444
    outs:
    - path: data/features/events.csv
      hash: md5
      md5: 0e19eb781a84c971a8cfe07f0a2524af
      size: 111561
